
Microsoft Visual Studio Solution File, Format Version 12.00
# Visual Studio Version 17
Project("{8BC9CEB8-8B4A-11D0-8D11-00A0C91BC942}") = "ALL_BUILD", "ALL_BUILD.vcxproj", "{4A85DB7E-32FC-36D9-9181-D65341CF0C1C}"
	ProjectSection(ProjectDependencies) = postProject
		{58B6E6B1-D9ED-3201-9245-0F320B8957EB} = {58B6E6B1-D9ED-3201-9245-0F320B8957EB}
		{0EE4803D-4789-3D89-8C8D-F51A3E9818D9} = {0EE4803D-4789-3D89-8C8D-F51A3E9818D9}
	EndProjectSection
EndProject
Project("{8BC9CEB8-8B4A-11D0-8D11-00A0C91BC942}") = "XD", "XD.vcxproj", "{58B6E6B1-D9ED-3201-9245-0F320B8957EB}"
	ProjectSection(ProjectDependencies) = postProject
		{0EE4803D-4789-3D89-8C8D-F51A3E9818D9} = {0EE4803D-4789-3D89-8C8D-F51A3E9818D9}
	EndProjectSection
EndProject
Project("{8BC9CEB8-8B4A-11D0-8D11-00A0C91BC942}") = "ZERO_CHECK", "ZERO_CHECK.vcxproj", "{0EE4803D-4789-3D89-8C8D-F51A3E9818D9}"
	ProjectSection(ProjectDependencies) = postProject
	EndProjectSection
EndProject
Global
	GlobalSection(SolutionConfigurationPlatforms) = preSolution
		Debug|x64 = Debug|x64
		Release|x64 = Release|x64
		MinSizeRel|x64 = MinSizeRel|x64
		RelWithDebInfo|x64 = RelWithDebInfo|x64
	EndGlobalSection
	GlobalSection(ProjectConfigurationPlatforms) = postSolution
		{4A85DB7E-32FC-36D9-9181-D65341CF0C1C}.Debug|x64.ActiveCfg = Debug|x64
		{4A85DB7E-32FC-36D9-9181-D65341CF0C1C}.Release|x64.ActiveCfg = Release|x64
		{4A85DB7E-32FC-36D9-9181-D65341CF0C1C}.MinSizeRel|x64.ActiveCfg = MinSizeRel|x64
		{4A85DB7E-32FC-36D9-9181-D65341CF0C1C}.RelWithDebInfo|x64.ActiveCfg = RelWithDebInfo|x64
		{58B6E6B1-D9ED-3201-9245-0F320B8957EB}.Debug|x64.ActiveCfg = Debug|x64
		{58B6E6B1-D9ED-3201-9245-0F320B8957EB}.Debug|x64.Build.0 = Debug|x64
		{58B6E6B1-D9ED-3201-9245-0F320B8957EB}.Release|x64.ActiveCfg = Release|x64
		{58B6E6B1-D9ED-3201-9245-0F320B8957EB}.Release|x64.Build.0 = Release|x64
		{58B6E6B1-D9ED-3201-9245-0F320B8957EB}.MinSizeRel|x64.ActiveCfg = MinSizeRel|x64
		{58B6E6B1-D9ED-3201-9245-0F320B8957EB}.MinSizeRel|x64.Build.0 = MinSizeRel|x64
		{58B6E6B1-D9ED-3201-9245-0F320B8957EB}.RelWithDebInfo|x64.ActiveCfg = RelWithDebInfo|x64
		{58B6E6B1-D9ED-3201-9245-0F320B8957EB}.RelWithDebInfo|x64.Build.0 = RelWithDebInfo|x64
		{0EE4803D-4789-3D89-8C8D-F51A3E9818D9}.Debug|x64.ActiveCfg = Debug|x64
		{0EE4803D-4789-3D89-8C8D-F51A3E9818D9}.Debug|x64.Build.0 = Debug|x64
		{0EE4803D-4789-3D89-8C8D-F51A3E9818D9}.Release|x64.ActiveCfg = Release|x64
		{0EE4803D-4789-3D89-8C8D-F51A3E9818D9}.Release|x64.Build.0 = Release|x64
		{0EE4803D-4789-3D89-8C8D-F51A3E9818D9}.MinSizeRel|x64.ActiveCfg = MinSizeRel|x64
		{0EE4803D-4789-3D89-8C8D-F51A3E9818D9}.MinSizeRel|x64.Build.0 = MinSizeRel|x64
		{0EE4803D-4789-3D89-8C8D-F51A3E9818D9}.RelWithDebInfo|x64.ActiveCfg = RelWithDebInfo|x64
		{0EE4803D-4789-3D89-8C8D-F51A3E9818D9}.RelWithDebInfo|x64.Build.0 = RelWithDebInfo|x64
	EndGlobalSection
	GlobalSection(ExtensibilityGlobals) = postSolution
		SolutionGuid = {ACBEC00F-0952-3F3B-AD4B-59821ABA0788}
	EndGlobalSection
	GlobalSection(ExtensibilityAddIns) = postSolution
	EndGlobalSection
EndGlobal
